// !$*UTF8*$!
{
	archiveVersion = 1;
	classes = {
	};
	objectVersion = 46;
	objects = {

/* Begin PBXBuildFile section */
		5268DBB21D9C66A1003DD4FA /* AppDelegate.swift in Sources */ = {isa = PBXBuildFile; fileRef = 5268DBB11D9C66A1003DD4FA /* AppDelegate.swift */; };
		5268DBB41D9C66A1003DD4FA /* ViewController.swift in Sources */ = {isa = PBXBuildFile; fileRef = 5268DBB31D9C66A1003DD4FA /* ViewController.swift */; };
		5268DBB71D9C66A1003DD4FA /* Main.storyboard in Resources */ = {isa = PBXBuildFile; fileRef = 5268DBB51D9C66A1003DD4FA /* Main.storyboard */; };
		5268DBB91D9C66A1003DD4FA /* Assets.xcassets in Resources */ = {isa = PBXBuildFile; fileRef = 5268DBB81D9C66A1003DD4FA /* Assets.xcassets */; };
		5268DBBC1D9C66A1003DD4FA /* LaunchScreen.storyboard in Resources */ = {isa = PBXBuildFile; fileRef = 5268DBBA1D9C66A1003DD4FA /* LaunchScreen.storyboard */; };
		5268DBC71D9C66A2003DD4FA /* MultiViewTests.swift in Sources */ = {isa = PBXBuildFile; fileRef = 5268DBC61D9C66A2003DD4FA /* MultiViewTests.swift */; };
		5268DBD21D9C66A2003DD4FA /* MultiViewUITests.swift in Sources */ = {isa = PBXBuildFile; fileRef = 5268DBD11D9C66A2003DD4FA /* MultiViewUITests.swift */; };
/* End PBXBuildFile section */

/* Begin PBXContainerItemProxy section */
		5268DBC31D9C66A2003DD4FA /* PBXContainerItemProxy */ = {
			isa = PBXContainerItemProxy;
			containerPortal = 5268DBA61D9C66A1003DD4FA /* Project object */;
			proxyType = 1;
			remoteGlobalIDString = 5268DBAD1D9C66A1003DD4FA;
			remoteInfo = MultiView;
		};
		5268DBCE1D9C66A2003DD4FA /* PBXContainerItemProxy */ = {
			isa = PBXContainerItemProxy;
			containerPortal = 5268DBA61D9C66A1003DD4FA /* Project object */;
			proxyType = 1;
			remoteGlobalIDString = 5268DBAD1D9C66A1003DD4FA;
			remoteInfo = MultiView;
		};
/* End PBXContainerItemProxy section */

/* Begin PBXFileReference section */
		5268DBAE1D9C66A1003DD4FA /* MultiView.app */ = {isa = PBXFileReference; explicitFileType = wrapper.application; includeInIndex = 0; path = MultiView.app; sourceTree = BUILT_PRODUCTS_DIR; };
		5268DBB11D9C66A1003DD4FA /* AppDelegate.swift */ = {isa = PBXFileReference; lastKnownFileType = sourcecode.swift; path = AppDelegate.swift; sourceTree = "<group>"; };
		5268DBB31D9C66A1003DD4FA /* ViewController.swift */ = {isa = PBXFileReference; lastKnownFileType = sourcecode.swift; path = ViewController.swift; sourceTree = "<group>"; };
		5268DBB61D9C66A1003DD4FA /* Base */ = {isa = PBXFileReference; lastKnownFileType = file.storyboard; name = Base; path = Base.lproj/Main.storyboard; sourceTree = "<group>"; };
		5268DBB81D9C66A1003DD4FA /* Assets.xcassets */ = {isa = PBXFileReference; lastKnownFileType = folder.assetcatalog; path = Assets.xcassets; sourceTree = "<group>"; };
		5268DBBB1D9C66A1003DD4FA /* Base */ = {isa = PBXFileReference; lastKnownFileType = file.storyboard; name = Base; path = Base.lproj/LaunchScreen.storyboard; sourceTree = "<group>"; };
		5268DBBD1D9C66A1003DD4FA /* Info.plist */ = {isa = PBXFileReference; lastKnownFileType = text.plist.xml; path = Info.plist; sourceTree = "<group>"; };
		5268DBC21D9C66A2003DD4FA /* MultiViewTests.xctest */ = {isa = PBXFileReference; explicitFileType = wrapper.cfbundle; includeInIndex = 0; path = MultiViewTests.xctest; sourceTree = BUILT_PRODUCTS_DIR; };
		5268DBC61D9C66A2003DD4FA /* MultiViewTests.swift */ = {isa = PBXFileReference; lastKnownFileType = sourcecode.swift; path = MultiViewTests.swift; sourceTree = "<group>"; };
		5268DBC81D9C66A2003DD4FA /* Info.plist */ = {isa = PBXFileReference; lastKnownFileType = text.plist.xml; path = Info.plist; sourceTree = "<group>"; };
		5268DBCD1D9C66A2003DD4FA /* MultiViewUITests.xctest */ = {isa = PBXFileReference; explicitFileType = wrapper.cfbundle; includeInIndex = 0; path = MultiViewUITests.xctest; sourceTree = BUILT_PRODUCTS_DIR; };
		5268DBD11D9C66A2003DD4FA /* MultiViewUITests.swift */ = {isa = PBXFileReference; lastKnownFileType = sourcecode.swift; path = MultiViewUITests.swift; sourceTree = "<group>"; };
		5268DBD31D9C66A2003DD4FA /* Info.plist */ = {isa = PBXFileReference; lastKnownFileType = text.plist.xml; path = Info.plist; sourceTree = "<group>"; };
/* End PBXFileReference section */

/* Begin PBXFrameworksBuildPhase section */
		5268DBAB1D9C66A1003DD4FA /* Frameworks */ = {
			isa = PBXFrameworksBuildPhase;
			buildActionMask = 2147483647;
			files = (
			);
			runOnlyForDeploymentPostprocessing = 0;
		};
		5268DBBF1D9C66A2003DD4FA /* Frameworks */ = {
			isa = PBXFrameworksBuildPhase;
			buildActionMask = 2147483647;
			files = (
			);
			runOnlyForDeploymentPostprocessing = 0;
		};
		5268DBCA1D9C66A2003DD4FA /* Frameworks */ = {
			isa = PBXFrameworksBuildPhase;
			buildActionMask = 2147483647;
			files = (
			);
			runOnlyForDeploymentPostprocessing = 0;
		};
/* End PBXFrameworksBuildPhase section */

/* Begin PBXGroup section */
		5268DBA51D9C66A1003DD4FA = {
			isa = PBXGroup;
			children = (
				5268DBB01D9C66A1003DD4FA /* MultiView */,
				5268DBC51D9C66A2003DD4FA /* MultiViewTests */,
				5268DBD01D9C66A2003DD4FA /* MultiViewUITests */,
				5268DBAF1D9C66A1003DD4FA /* Products */,
			);
			sourceTree = "<group>";
		};
		5268DBAF1D9C66A1003DD4FA /* Products */ = {
			isa = PBXGroup;
			children = (
				5268DBAE1D9C66A1003DD4FA /* MultiView.app */,
				5268DBC21D9C66A2003DD4FA /* MultiViewTests.xctest */,
				5268DBCD1D9C66A2003DD4FA /* MultiViewUITests.xctest */,
			);
			name = Products;
			sourceTree = "<group>";
		};
		5268DBB01D9C66A1003DD4FA /* MultiView */ = {
			isa = PBXGroup;
			children = (
				5268DBB11D9C66A1003DD4FA /* AppDelegate.swift */,
				5268DBB31D9C66A1003DD4FA /* ViewController.swift */,
				5268DBB51D9C66A1003DD4FA /* Main.storyboard */,
				5268DBB81D9C66A1003DD4FA /* Assets.xcassets */,
				5268DBBA1D9C66A1003DD4FA /* LaunchScreen.storyboard */,
				5268DBBD1D9C66A1003DD4FA /* Info.plist */,
			);
			path = MultiView;
			sourceTree = "<group>";
		};
		5268DBC51D9C66A2003DD4FA /* MultiViewTests */ = {
			isa = PBXGroup;
			children = (
				5268DBC61D9C66A2003DD4FA /* MultiViewTests.swift */,
				5268DBC81D9C66A2003DD4FA /* Info.plist */,
			);
			path = MultiViewTests;
			sourceTree = "<group>";
		};
		5268DBD01D9C66A2003DD4FA /* MultiViewUITests */ = {
			isa = PBXGroup;
			children = (
				5268DBD11D9C66A2003DD4FA /* MultiViewUITests.swift */,
				5268DBD31D9C66A2003DD4FA /* Info.plist */,
			);
			path = MultiViewUITests;
			sourceTree = "<group>";
		};
/* End PBXGroup section */

/* Begin PBXNativeTarget section */
		5268DBAD1D9C66A1003DD4FA /* MultiView */ = {
			isa = PBXNativeTarget;
			buildConfigurationList = 5268DBD61D9C66A2003DD4FA /* Build configuration list for PBXNativeTarget "MultiView" */;
			buildPhases = (
				5268DBAA1D9C66A1003DD4FA /* Sources */,
				5268DBAB1D9C66A1003DD4FA /* Frameworks */,
				5268DBAC1D9C66A1003DD4FA /* Resources */,
			);
			buildRules = (
			);
			dependencies = (
			);
			name = MultiView;
			productName = MultiView;
			productReference = 5268DBAE1D9C66A1003DD4FA /* MultiView.app */;
			productType = "com.apple.product-type.application";
		};
		5268DBC11D9C66A2003DD4FA /* MultiViewTests */ = {
			isa = PBXNativeTarget;
			buildConfigurationList = 5268DBD91D9C66A2003DD4FA /* Build configuration list for PBXNativeTarget "MultiViewTests" */;
			buildPhases = (
				5268DBBE1D9C66A2003DD4FA /* Sources */,
				5268DBBF1D9C66A2003DD4FA /* Frameworks */,
				5268DBC01D9C66A2003DD4FA /* Resources */,
			);
			buildRules = (
			);
			dependencies = (
				5268DBC41D9C66A2003DD4FA /* PBXTargetDependency */,
			);
			name = MultiViewTests;
			productName = MultiViewTests;
			productReference = 5268DBC21D9C66A2003DD4FA /* MultiViewTests.xctest */;
			productType = "com.apple.product-type.bundle.unit-test";
		};
		5268DBCC1D9C66A2003DD4FA /* MultiViewUITests */ = {
			isa = PBXNativeTarget;
			buildConfigurationList = 5268DBDC1D9C66A2003DD4FA /* Build configuration list for PBXNativeTarget "MultiViewUITests" */;
			buildPhases = (
				5268DBC91D9C66A2003DD4FA /* Sources */,
				5268DBCA1D9C66A2003DD4FA /* Frameworks */,
				5268DBCB1D9C66A2003DD4FA /* Resources */,
			);
			buildRules = (
			);
			dependencies = (
				5268DBCF1D9C66A2003DD4FA /* PBXTargetDependency */,
			);
			name = MultiViewUITests;
			productName = MultiViewUITests;
			productReference = 5268DBCD1D9C66A2003DD4FA /* MultiViewUITests.xctest */;
			productType = "com.apple.product-type.bundle.ui-testing";
		};
/* End PBXNativeTarget section */

/* Begin PBXProject section */
		5268DBA61D9C66A1003DD4FA /* Project object */ = {
			isa = PBXProject;
			attributes = {
				LastSwiftUpdateCheck = 0800;
				LastUpgradeCheck = 0800;
				ORGANIZATIONNAME = "Todd Perkins";
				TargetAttributes = {
					5268DBAD1D9C66A1003DD4FA = {
						CreatedOnToolsVersion = 8.0;
						ProvisioningStyle = Automatic;
					};
					5268DBC11D9C66A2003DD4FA = {
						CreatedOnToolsVersion = 8.0;
						ProvisioningStyle = Automatic;
						TestTargetID = 5268DBAD1D9C66A1003DD4FA;
					};
					5268DBCC1D9C66A2003DD4FA = {
						CreatedOnToolsVersion = 8.0;
						ProvisioningStyle = Automatic;
						TestTargetID = 5268DBAD1D9C66A1003DD4FA;
					};
				};
			};
			buildConfigurationList = 5268DBA91D9C66A1003DD4FA /* Build configuration list for PBXProject "MultiView" */;
			compatibilityVersion = "Xcode 3.2";
			developmentRegion = English;
			hasScannedForEncodings = 0;
			knownRegions = (
				en,
				Base,
			);
			mainGroup = 5268DBA51D9C66A1003DD4FA;
			productRefGroup = 5268DBAF1D9C66A1003DD4FA /* Products */;
			projectDirPath = "";
			projectRoot = "";
			targets = (
				5268DBAD1D9C66A1003DD4FA /* MultiView */,
				5268DBC11D9C66A2003DD4FA /* MultiViewTests */,
				5268DBCC1D9C66A2003DD4FA /* MultiViewUITests */,
			);
		};
/* End PBXProject section */

/* Begin PBXResourcesBuildPhase section */
		5268DBAC1D9C66A1003DD4FA /* Resources */ = {
			isa = PBXResourcesBuildPhase;
			buildActionMask = 2147483647;
			files = (
				5268DBBC1D9C66A1003DD4FA /* LaunchScreen.storyboard in Resources */,
				5268DBB91D9C66A1003DD4FA /* Assets.xcassets in Resources */,
				5268DBB71D9C66A1003DD4FA /* Main.storyboard in Resources */,
			);
			runOnlyForDeploymentPostprocessing = 0;
		};
		5268DBC01D9C66A2003DD4FA /* Resources */ = {
			isa = PBXResourcesBuildPhase;
			buildActionMask = 2147483647;
			files = (
			);
			runOnlyForDeploymentPostprocessing = 0;
		};
		5268DBCB1D9C66A2003DD4FA /* Resources */ = {
			isa = PBXResourcesBuildPhase;
			buildActionMask = 2147483647;
			files = (
			);
			runOnlyForDeploymentPostprocessing = 0;
		};
/* End PBXResourcesBuildPhase section */

/* Begin PBXSourcesBuildPhase section */
		5268DBAA1D9C66A1003DD4FA /* Sources */ = {
			isa = PBXSourcesBuildPhase;
			buildActionMask = 2147483647;
			files = (
				5268DBB41D9C66A1003DD4FA /* ViewController.swift in Sources */,
				5268DBB21D9C66A1003DD4FA /* AppDelegate.swift in Sources */,
			);
			runOnlyForDeploymentPostprocessing = 0;
		};
		5268DBBE1D9C66A2003DD4FA /* Sources */ = {
			isa = PBXSourcesBuildPhase;
			buildActionMask = 2147483647;
			files = (
				5268DBC71D9C66A2003DD4FA /* MultiViewTests.swift in Sources */,
			);
			runOnlyForDeploymentPostprocessing = 0;
		};
		5268DBC91D9C66A2003DD4FA /* Sources */ = {
			isa = PBXSourcesBuildPhase;
			buildActionMask = 2147483647;
			files = (
				5268DBD21D9C66A2003DD4FA /* MultiViewUITests.swift in Sources */,
			);
			runOnlyForDeploymentPostprocessing = 0;
		};
/* End PBXSourcesBuildPhase section */

/* Begin PBXTargetDependency section */
		5268DBC41D9C66A2003DD4FA /* PBXTargetDependency */ = {
			isa = PBXTargetDependency;
			target = 5268DBAD1D9C66A1003DD4FA /* MultiView */;
			targetProxy = 5268DBC31D9C66A2003DD4FA /* PBXContainerItemProxy */;
		};
		5268DBCF1D9C66A2003DD4FA /* PBXTargetDependency */ = {
			isa = PBXTargetDependency;
			target = 5268DBAD1D9C66A1003DD4FA /* MultiView */;
			targetProxy = 5268DBCE1D9C66A2003DD4FA /* PBXContainerItemProxy */;
		};
/* End PBXTargetDependency section */

/* Begin PBXVariantGroup section */
		5268DBB51D9C66A1003DD4FA /* Main.storyboard */ = {
			isa = PBXVariantGroup;
			children = (
				5268DBB61D9C66A1003DD4FA /* Base */,
			);
			name = Main.storyboard;
			sourceTree = "<group>";
		};
		5268DBBA1D9C66A1003DD4FA /* LaunchScreen.storyboard */ = {
			isa = PBXVariantGroup;
			children = (
				5268DBBB1D9C66A1003DD4FA /* Base */,
			);
			name = LaunchScreen.storyboard;
			sourceTree = "<group>";
		};
/* End PBXVariantGroup section */

/* Begin XCBuildConfiguration section */
		5268DBD41D9C66A2003DD4FA /* Debug */ = {
			isa = XCBuildConfiguration;
			buildSettings = {
				ALWAYS_SEARCH_USER_PATHS = NO;
				CLANG_ANALYZER_NONNULL = YES;
				CLANG_CXX_LANGUAGE_STANDARD = "gnu++0x";
				CLANG_CXX_LIBRARY = "libc++";
				CLANG_ENABLE_MODULES = YES;
				CLANG_ENABLE_OBJC_ARC = YES;
				CLANG_WARN_BOOL_CONVERSION = YES;
				CLANG_WARN_CONSTANT_CONVERSION = YES;
				CLANG_WARN_DIRECT_OBJC_ISA_USAGE = YES_ERROR;
				CLANG_WARN_DOCUMENTATION_COMMENTS = YES;
				CLANG_WARN_EMPTY_BODY = YES;
				CLANG_WARN_ENUM_CONVERSION = YES;
				CLANG_WARN_INFINITE_RECURSION = YES;
				CLANG_WARN_INT_CONVERSION = YES;
				CLANG_WARN_OBJC_ROOT_CLASS = YES_ERROR;
				CLANG_WARN_SUSPICIOUS_MOVES = YES;
				CLANG_WARN_UNREACHABLE_CODE = YES;
				CLANG_WARN__DUPLICATE_METHOD_MATCH = YES;
				"CODE_SIGN_IDENTITY[sdk=iphoneos*]" = "iPhone Developer";
				COPY_PHASE_STRIP = NO;
				DEBUG_INFORMATION_FORMAT = dwarf;
				ENABLE_STRICT_OBJC_MSGSEND = YES;
				ENABLE_TESTABILITY = YES;
				GCC_C_LANGUAGE_STANDARD = gnu99;
				GCC_DYNAMIC_NO_PIC = NO;
				GCC_NO_COMMON_BLOCKS = YES;
				GCC_OPTIMIZATION_LEVEL = 0;
				GCC_PREPROCESSOR_DEFINITIONS = (
					"DEBUG=1",
					"$(inherited)",
				);
				GCC_WARN_64_TO_32_BIT_CONVERSION = YES;
				GCC_WARN_ABOUT_RETURN_TYPE = YES_ERROR;
				GCC_WARN_UNDECLARED_SELECTOR = YES;
				GCC_WARN_UNINITIALIZED_AUTOS = YES_AGGRESSIVE;
				GCC_WARN_UNUSED_FUNCTION = YES;
				GCC_WARN_UNUSED_VARIABLE = YES;
				IPHONEOS_DEPLOYMENT_TARGET = 10.0;
				MTL_ENABLE_DEBUG_INFO = YES;
				ONLY_ACTIVE_ARCH = YES;
				SDKROOT = iphoneos;
				SWIFT_ACTIVE_COMPILATION_CONDITIONS = DEBUG;
				SWIFT_OPTIMIZATION_LEVEL = "-Onone";
			};
			name = Debug;
		};
		5268DBD51D9C66A2003DD4FA /* Release */ = {
			isa = XCBuildConfiguration;
			buildSettings = {
				ALWAYS_SEARCH_USER_PATHS = NO;
				CLANG_ANALYZER_NONNULL = YES;
				CLANG_CXX_LANGUAGE_STANDARD = "gnu++0x";
				CLANG_CXX_LIBRARY = "libc++";
				CLANG_ENABLE_MODULES = YES;
				CLANG_ENABLE_OBJC_ARC = YES;
				CLANG_WARN_BOOL_CONVERSION = YES;
				CLANG_WARN_CONSTANT_CONVERSION = YES;
				CLANG_WARN_DIRECT_OBJC_ISA_USAGE = YES_ERROR;
				CLANG_WARN_DOCUMENTATION_COMMENTS = YES;
				CLANG_WARN_EMPTY_BODY = YES;
				CLANG_WARN_ENUM_CONVERSION = YES;
				CLANG_WARN_INFINITE_RECURSION = YES;
				CLANG_WARN_INT_CONVERSION = YES;
				CLANG_WARN_OBJC_ROOT_CLASS = YES_ERROR;
				CLANG_WARN_SUSPICIOUS_MOVES = YES;
				CLANG_WARN_UNREACHABLE_CODE = YES;
				CLANG_WARN__DUPLICATE_METHOD_MATCH = YES;
				"CODE_SIGN_IDENTITY[sdk=iphoneos*]" = "iPhone Developer";
				COPY_PHASE_STRIP = NO;
				DEBUG_INFORMATION_FORMAT = "dwarf-with-dsym";
				ENABLE_NS_ASSERTIONS = NO;
				ENABLE_STRICT_OBJC_MSGSEND = YES;
				GCC_C_LANGUAGE_STANDARD = gnu99;
				GCC_NO_COMMON_BLOCKS = YES;
				GCC_WARN_64_TO_32_BIT_CONVERSION = YES;
				GCC_WARN_ABOUT_RETURN_TYPE = YES_ERROR;
				GCC_WARN_UNDECLARED_SELECTOR = YES;
				GCC_WARN_UNINITIALIZED_AUTOS = YES_AGGRESSIVE;
				GCC_WARN_UNUSED_FUNCTION = YES;
				GCC_WARN_UNUSED_VARIABLE = YES;
				IPHONEOS_DEPLOYMENT_TARGET = 10.0;
				MTL_ENABLE_DEBUG_INFO = NO;
				SDKROOT = iphoneos;
				SWIFT_OPTIMIZATION_LEVEL = "-Owholemodule";
				VALIDATE_PRODUCT = YES;
			};
			name = Release;
		};
		5268DBD71D9C66A2003DD4FA /* Debug */ = {
			isa = XCBuildConfiguration;
			buildSettings = {
				ASSETCATALOG_COMPILER_APPICON_NAME = AppIcon;
				INFOPLIST_FILE = MultiView/Info.plist;
				LD_RUNPATH_SEARCH_PATHS = "$(inherited) @executable_path/Frameworks";
				PRODUCT_BUNDLE_IDENTIFIER = com.toddperkins.MultiView;
				PRODUCT_NAME = "$(TARGET_NAME)";
				SWIFT_VERSION = 3.0;
			};
			name = Debug;
		};
		5268DBD81D9C66A2003DD4FA /* Release */ = {
			isa = XCBuildConfiguration;
			buildSettings = {
				ASSETCATALOG_COMPILER_APPICON_NAME = AppIcon;
				INFOPLIST_FILE = MultiView/Info.plist;
				LD_RUNPATH_SEARCH_PATHS = "$(inherited) @executable_path/Frameworks";
				PRODUCT_BUNDLE_IDENTIFIER = com.toddperkins.MultiView;
				PRODUCT_NAME = "$(TARGET_NAME)";
				SWIFT_VERSION = 3.0;
			};
			name = Release;
		};
		5268DBDA1D9C66A2003DD4FA /* Debug */ = {
			isa = XCBuildConfiguration;
			buildSettings = {
				ALWAYS_EMBED_SWIFT_STANDARD_LIBRARIES = YES;
				BUNDLE_LOADER = "$(TEST_HOST)";
				INFOPLIST_FILE = MultiViewTests/Info.plist;
				LD_RUNPATH_SEARCH_PATHS = "$(inherited) @executable_path/Frameworks @loader_path/Frameworks";
				PRODUCT_BUNDLE_IDENTIFIER = com.toddperkins.MultiViewTests;
				PRODUCT_NAME = "$(TARGET_NAME)";
				SWIFT_VERSION = 3.0;
				TEST_HOST = "$(BUILT_PRODUCTS_DIR)/MultiView.app/MultiView";
			};
			name = Debug;
		};
		5268DBDB1D9C66A2003DD4FA /* Release */ = {
			isa = XCBuildConfiguration;
			buildSettings = {
				ALWAYS_EMBED_SWIFT_STANDARD_LIBRARIES = YES;
				BUNDLE_LOADER = "$(TEST_HOST)";
				INFOPLIST_FILE = MultiViewTests/Info.plist;
				LD_RUNPATH_SEARCH_PATHS = "$(inherited) @executable_path/Frameworks @loader_path/Frameworks";
				PRODUCT_BUNDLE_IDENTIFIER = com.toddperkins.MultiViewTests;
				PRODUCT_NAME = "$(TARGET_NAME)";
				SWIFT_VERSION = 3.0;
				TEST_HOST = "$(BUILT_PRODUCTS_DIR)/MultiView.app/MultiView";
			};
			name = Release;
		};
		5268DBDD1D9C66A2003DD4FA /* Debug */ = {
			isa = XCBuildConfiguration;
			buildSettings = {
				ALWAYS_EMBED_SWIFT_STANDARD_LIBRARIES = YES;
				INFOPLIST_FILE = MultiViewUITests/Info.plist;
				LD_RUNPATH_SEARCH_PATHS = "$(inherited) @executable_path/Frameworks @loader_path/Frameworks";
				PRODUCT_BUNDLE_IDENTIFIER = com.toddperkins.MultiViewUITests;
				PRODUCT_NAME = "$(TARGET_NAME)";
				SWIFT_VERSION = 3.0;
				TEST_TARGET_NAME = MultiView;
			};
			name = Debug;
		};
		5268DBDE1D9C66A2003DD4FA /* Release */ = {
			isa = XCBuildConfiguration;
			buildSettings = {
				ALWAYS_EMBED_SWIFT_STANDARD_LIBRARIES = YES;
				INFOPLIST_FILE = MultiViewUITests/Info.plist;
				LD_RUNPATH_SEARCH_PATHS = "$(inherited) @executable_path/Frameworks @loader_path/Frameworks";
				PRODUCT_BUNDLE_IDENTIFIER = com.toddperkins.MultiViewUITests;
				PRODUCT_NAME = "$(TARGET_NAME)";
				SWIFT_VERSION = 3.0;
				TEST_TARGET_NAME = MultiView;
			};
			name = Release;
		};
/* End XCBuildConfiguration section */

/* Begin XCConfigurationList section */
		5268DBA91D9C66A1003DD4FA /* Build configuration list for PBXProject "MultiView" */ = {
			isa = XCConfigurationList;
			buildConfigurations = (
				5268DBD41D9C66A2003DD4FA /* Debug */,
				5268DBD51D9C66A2003DD4FA /* Release */,
			);
			defaultConfigurationIsVisible = 0;
			defaultConfigurationName = Release;
		};
		5268DBD61D9C66A2003DD4FA /* Build configuration list for PBXNativeTarget "MultiView" */ = {
			isa = XCConfigurationList;
			buildConfigurations = (
				5268DBD71D9C66A2003DD4FA /* Debug */,
				5268DBD81D9C66A2003DD4FA /* Release */,
			);
			defaultConfigurationIsVisible = 0;
		};
		5268DBD91D9C66A2003DD4FA /* Build configuration list for PBXNativeTarget "MultiViewTests" */ = {
			isa = XCConfigurationList;
			buildConfigurations = (
				5268DBDA1D9C66A2003DD4FA /* Debug */,
				5268DBDB1D9C66A2003DD4FA /* Release */,
			);
			defaultConfigurationIsVisible = 0;
		};
		5268DBDC1D9C66A2003DD4FA /* Build configuration list for PBXNativeTarget "MultiViewUITests" */ = {
			isa = XCConfigurationList;
			buildConfigurations = (
				5268DBDD1D9C66A2003DD4FA /* Debug */,
				5268DBDE1D9C66A2003DD4FA /* Release */,
			);
			defaultConfigurationIsVisible = 0;
		};
/* End XCConfigurationList section */
	};
	rootObject = 5268DBA61D9C66A1003DD4FA /* Project object */;
}
