// !$*UTF8*$!
{
	archiveVersion = 1;
	classes = {
	};
	objectVersion = 46;
	objects = {

/* Begin PBXBuildFile section */
		520B3C8F1D6399DD00A6FD9D /* AppDelegate.swift in Sources */ = {isa = PBXBuildFile; fileRef = 520B3C8E1D6399DD00A6FD9D /* AppDelegate.swift */; };
		520B3C911D6399DD00A6FD9D /* ViewController.swift in Sources */ = {isa = PBXBuildFile; fileRef = 520B3C901D6399DD00A6FD9D /* ViewController.swift */; };
		520B3C941D6399DD00A6FD9D /* Main.storyboard in Resources */ = {isa = PBXBuildFile; fileRef = 520B3C921D6399DD00A6FD9D /* Main.storyboard */; };
		520B3C961D6399DD00A6FD9D /* Assets.xcassets in Resources */ = {isa = PBXBuildFile; fileRef = 520B3C951D6399DD00A6FD9D /* Assets.xcassets */; };
		520B3C991D6399DD00A6FD9D /* LaunchScreen.storyboard in Resources */ = {isa = PBXBuildFile; fileRef = 520B3C971D6399DD00A6FD9D /* LaunchScreen.storyboard */; };
		520B3CA41D6399DD00A6FD9D /* My_First_ProjectTests.swift in Sources */ = {isa = PBXBuildFile; fileRef = 520B3CA31D6399DD00A6FD9D /* My_First_ProjectTests.swift */; };
		520B3CAF1D6399DD00A6FD9D /* My_First_ProjectUITests.swift in Sources */ = {isa = PBXBuildFile; fileRef = 520B3CAE1D6399DD00A6FD9D /* My_First_ProjectUITests.swift */; };
/* End PBXBuildFile section */

/* Begin PBXContainerItemProxy section */
		520B3CA01D6399DD00A6FD9D /* PBXContainerItemProxy */ = {
			isa = PBXContainerItemProxy;
			containerPortal = 520B3C831D6399DC00A6FD9D /* Project object */;
			proxyType = 1;
			remoteGlobalIDString = 520B3C8A1D6399DC00A6FD9D;
			remoteInfo = "My First Project";
		};
		520B3CAB1D6399DD00A6FD9D /* PBXContainerItemProxy */ = {
			isa = PBXContainerItemProxy;
			containerPortal = 520B3C831D6399DC00A6FD9D /* Project object */;
			proxyType = 1;
			remoteGlobalIDString = 520B3C8A1D6399DC00A6FD9D;
			remoteInfo = "My First Project";
		};
/* End PBXContainerItemProxy section */

/* Begin PBXFileReference section */
		520B3C8B1D6399DD00A6FD9D /* My First Project.app */ = {isa = PBXFileReference; explicitFileType = wrapper.application; includeInIndex = 0; path = "My First Project.app"; sourceTree = BUILT_PRODUCTS_DIR; };
		520B3C8E1D6399DD00A6FD9D /* AppDelegate.swift */ = {isa = PBXFileReference; lastKnownFileType = sourcecode.swift; path = AppDelegate.swift; sourceTree = "<group>"; };
		520B3C901D6399DD00A6FD9D /* ViewController.swift */ = {isa = PBXFileReference; lastKnownFileType = sourcecode.swift; path = ViewController.swift; sourceTree = "<group>"; };
		520B3C931D6399DD00A6FD9D /* Base */ = {isa = PBXFileReference; lastKnownFileType = file.storyboard; name = Base; path = Base.lproj/Main.storyboard; sourceTree = "<group>"; };
		520B3C951D6399DD00A6FD9D /* Assets.xcassets */ = {isa = PBXFileReference; lastKnownFileType = folder.assetcatalog; path = Assets.xcassets; sourceTree = "<group>"; };
		520B3C981D6399DD00A6FD9D /* Base */ = {isa = PBXFileReference; lastKnownFileType = file.storyboard; name = Base; path = Base.lproj/LaunchScreen.storyboard; sourceTree = "<group>"; };
		520B3C9A1D6399DD00A6FD9D /* Info.plist */ = {isa = PBXFileReference; lastKnownFileType = text.plist.xml; path = Info.plist; sourceTree = "<group>"; };
		520B3C9F1D6399DD00A6FD9D /* My First ProjectTests.xctest */ = {isa = PBXFileReference; explicitFileType = wrapper.cfbundle; includeInIndex = 0; path = "My First ProjectTests.xctest"; sourceTree = BUILT_PRODUCTS_DIR; };
		520B3CA31D6399DD00A6FD9D /* My_First_ProjectTests.swift */ = {isa = PBXFileReference; lastKnownFileType = sourcecode.swift; path = My_First_ProjectTests.swift; sourceTree = "<group>"; };
		520B3CA51D6399DD00A6FD9D /* Info.plist */ = {isa = PBXFileReference; lastKnownFileType = text.plist.xml; path = Info.plist; sourceTree = "<group>"; };
		520B3CAA1D6399DD00A6FD9D /* My First ProjectUITests.xctest */ = {isa = PBXFileReference; explicitFileType = wrapper.cfbundle; includeInIndex = 0; path = "My First ProjectUITests.xctest"; sourceTree = BUILT_PRODUCTS_DIR; };
		520B3CAE1D6399DD00A6FD9D /* My_First_ProjectUITests.swift */ = {isa = PBXFileReference; lastKnownFileType = sourcecode.swift; path = My_First_ProjectUITests.swift; sourceTree = "<group>"; };
		520B3CB01D6399DD00A6FD9D /* Info.plist */ = {isa = PBXFileReference; lastKnownFileType = text.plist.xml; path = Info.plist; sourceTree = "<group>"; };
/* End PBXFileReference section */

/* Begin PBXFrameworksBuildPhase section */
		520B3C881D6399DC00A6FD9D /* Frameworks */ = {
			isa = PBXFrameworksBuildPhase;
			buildActionMask = 2147483647;
			files = (
			);
			runOnlyForDeploymentPostprocessing = 0;
		};
		520B3C9C1D6399DD00A6FD9D /* Frameworks */ = {
			isa = PBXFrameworksBuildPhase;
			buildActionMask = 2147483647;
			files = (
			);
			runOnlyForDeploymentPostprocessing = 0;
		};
		520B3CA71D6399DD00A6FD9D /* Frameworks */ = {
			isa = PBXFrameworksBuildPhase;
			buildActionMask = 2147483647;
			files = (
			);
			runOnlyForDeploymentPostprocessing = 0;
		};
/* End PBXFrameworksBuildPhase section */

/* Begin PBXGroup section */
		520B3C821D6399DC00A6FD9D = {
			isa = PBXGroup;
			children = (
				520B3C8D1D6399DD00A6FD9D /* My First Project */,
				520B3CA21D6399DD00A6FD9D /* My First ProjectTests */,
				520B3CAD1D6399DD00A6FD9D /* My First ProjectUITests */,
				520B3C8C1D6399DD00A6FD9D /* Products */,
			);
			sourceTree = "<group>";
		};
		520B3C8C1D6399DD00A6FD9D /* Products */ = {
			isa = PBXGroup;
			children = (
				520B3C8B1D6399DD00A6FD9D /* My First Project.app */,
				520B3C9F1D6399DD00A6FD9D /* My First ProjectTests.xctest */,
				520B3CAA1D6399DD00A6FD9D /* My First ProjectUITests.xctest */,
			);
			name = Products;
			sourceTree = "<group>";
		};
		520B3C8D1D6399DD00A6FD9D /* My First Project */ = {
			isa = PBXGroup;
			children = (
				520B3C8E1D6399DD00A6FD9D /* AppDelegate.swift */,
				520B3C901D6399DD00A6FD9D /* ViewController.swift */,
				520B3C921D6399DD00A6FD9D /* Main.storyboard */,
				520B3C951D6399DD00A6FD9D /* Assets.xcassets */,
				520B3C971D6399DD00A6FD9D /* LaunchScreen.storyboard */,
				520B3C9A1D6399DD00A6FD9D /* Info.plist */,
			);
			path = "My First Project";
			sourceTree = "<group>";
		};
		520B3CA21D6399DD00A6FD9D /* My First ProjectTests */ = {
			isa = PBXGroup;
			children = (
				520B3CA31D6399DD00A6FD9D /* My_First_ProjectTests.swift */,
				520B3CA51D6399DD00A6FD9D /* Info.plist */,
			);
			path = "My First ProjectTests";
			sourceTree = "<group>";
		};
		520B3CAD1D6399DD00A6FD9D /* My First ProjectUITests */ = {
			isa = PBXGroup;
			children = (
				520B3CAE1D6399DD00A6FD9D /* My_First_ProjectUITests.swift */,
				520B3CB01D6399DD00A6FD9D /* Info.plist */,
			);
			path = "My First ProjectUITests";
			sourceTree = "<group>";
		};
/* End PBXGroup section */

/* Begin PBXNativeTarget section */
		520B3C8A1D6399DC00A6FD9D /* My First Project */ = {
			isa = PBXNativeTarget;
			buildConfigurationList = 520B3CB31D6399DD00A6FD9D /* Build configuration list for PBXNativeTarget "My First Project" */;
			buildPhases = (
				520B3C871D6399DC00A6FD9D /* Sources */,
				520B3C881D6399DC00A6FD9D /* Frameworks */,
				520B3C891D6399DC00A6FD9D /* Resources */,
			);
			buildRules = (
			);
			dependencies = (
			);
			name = "My First Project";
			productName = "My First Project";
			productReference = 520B3C8B1D6399DD00A6FD9D /* My First Project.app */;
			productType = "com.apple.product-type.application";
		};
		520B3C9E1D6399DD00A6FD9D /* My First ProjectTests */ = {
			isa = PBXNativeTarget;
			buildConfigurationList = 520B3CB61D6399DD00A6FD9D /* Build configuration list for PBXNativeTarget "My First ProjectTests" */;
			buildPhases = (
				520B3C9B1D6399DD00A6FD9D /* Sources */,
				520B3C9C1D6399DD00A6FD9D /* Frameworks */,
				520B3C9D1D6399DD00A6FD9D /* Resources */,
			);
			buildRules = (
			);
			dependencies = (
				520B3CA11D6399DD00A6FD9D /* PBXTargetDependency */,
			);
			name = "My First ProjectTests";
			productName = "My First ProjectTests";
			productReference = 520B3C9F1D6399DD00A6FD9D /* My First ProjectTests.xctest */;
			productType = "com.apple.product-type.bundle.unit-test";
		};
		520B3CA91D6399DD00A6FD9D /* My First ProjectUITests */ = {
			isa = PBXNativeTarget;
			buildConfigurationList = 520B3CB91D6399DD00A6FD9D /* Build configuration list for PBXNativeTarget "My First ProjectUITests" */;
			buildPhases = (
				520B3CA61D6399DD00A6FD9D /* Sources */,
				520B3CA71D6399DD00A6FD9D /* Frameworks */,
				520B3CA81D6399DD00A6FD9D /* Resources */,
			);
			buildRules = (
			);
			dependencies = (
				520B3CAC1D6399DD00A6FD9D /* PBXTargetDependency */,
			);
			name = "My First ProjectUITests";
			productName = "My First ProjectUITests";
			productReference = 520B3CAA1D6399DD00A6FD9D /* My First ProjectUITests.xctest */;
			productType = "com.apple.product-type.bundle.ui-testing";
		};
/* End PBXNativeTarget section */

/* Begin PBXProject section */
		520B3C831D6399DC00A6FD9D /* Project object */ = {
			isa = PBXProject;
			attributes = {
				LastSwiftUpdateCheck = 0800;
				LastUpgradeCheck = 0800;
				ORGANIZATIONNAME = "Todd Perkins";
				TargetAttributes = {
					520B3C8A1D6399DC00A6FD9D = {
						CreatedOnToolsVersion = 8.0;
						ProvisioningStyle = Automatic;
					};
					520B3C9E1D6399DD00A6FD9D = {
						CreatedOnToolsVersion = 8.0;
						ProvisioningStyle = Automatic;
						TestTargetID = 520B3C8A1D6399DC00A6FD9D;
					};
					520B3CA91D6399DD00A6FD9D = {
						CreatedOnToolsVersion = 8.0;
						ProvisioningStyle = Automatic;
						TestTargetID = 520B3C8A1D6399DC00A6FD9D;
					};
				};
			};
			buildConfigurationList = 520B3C861D6399DC00A6FD9D /* Build configuration list for PBXProject "My First Project" */;
			compatibilityVersion = "Xcode 3.2";
			developmentRegion = English;
			hasScannedForEncodings = 0;
			knownRegions = (
				en,
				Base,
			);
			mainGroup = 520B3C821D6399DC00A6FD9D;
			productRefGroup = 520B3C8C1D6399DD00A6FD9D /* Products */;
			projectDirPath = "";
			projectRoot = "";
			targets = (
				520B3C8A1D6399DC00A6FD9D /* My First Project */,
				520B3C9E1D6399DD00A6FD9D /* My First ProjectTests */,
				520B3CA91D6399DD00A6FD9D /* My First ProjectUITests */,
			);
		};
/* End PBXProject section */

/* Begin PBXResourcesBuildPhase section */
		520B3C891D6399DC00A6FD9D /* Resources */ = {
			isa = PBXResourcesBuildPhase;
			buildActionMask = 2147483647;
			files = (
				520B3C991D6399DD00A6FD9D /* LaunchScreen.storyboard in Resources */,
				520B3C961D6399DD00A6FD9D /* Assets.xcassets in Resources */,
				520B3C941D6399DD00A6FD9D /* Main.storyboard in Resources */,
			);
			runOnlyForDeploymentPostprocessing = 0;
		};
		520B3C9D1D6399DD00A6FD9D /* Resources */ = {
			isa = PBXResourcesBuildPhase;
			buildActionMask = 2147483647;
			files = (
			);
			runOnlyForDeploymentPostprocessing = 0;
		};
		520B3CA81D6399DD00A6FD9D /* Resources */ = {
			isa = PBXResourcesBuildPhase;
			buildActionMask = 2147483647;
			files = (
			);
			runOnlyForDeploymentPostprocessing = 0;
		};
/* End PBXResourcesBuildPhase section */

/* Begin PBXSourcesBuildPhase section */
		520B3C871D6399DC00A6FD9D /* Sources */ = {
			isa = PBXSourcesBuildPhase;
			buildActionMask = 2147483647;
			files = (
				520B3C911D6399DD00A6FD9D /* ViewController.swift in Sources */,
				520B3C8F1D6399DD00A6FD9D /* AppDelegate.swift in Sources */,
			);
			runOnlyForDeploymentPostprocessing = 0;
		};
		520B3C9B1D6399DD00A6FD9D /* Sources */ = {
			isa = PBXSourcesBuildPhase;
			buildActionMask = 2147483647;
			files = (
				520B3CA41D6399DD00A6FD9D /* My_First_ProjectTests.swift in Sources */,
			);
			runOnlyForDeploymentPostprocessing = 0;
		};
		520B3CA61D6399DD00A6FD9D /* Sources */ = {
			isa = PBXSourcesBuildPhase;
			buildActionMask = 2147483647;
			files = (
				520B3CAF1D6399DD00A6FD9D /* My_First_ProjectUITests.swift in Sources */,
			);
			runOnlyForDeploymentPostprocessing = 0;
		};
/* End PBXSourcesBuildPhase section */

/* Begin PBXTargetDependency section */
		520B3CA11D6399DD00A6FD9D /* PBXTargetDependency */ = {
			isa = PBXTargetDependency;
			target = 520B3C8A1D6399DC00A6FD9D /* My First Project */;
			targetProxy = 520B3CA01D6399DD00A6FD9D /* PBXContainerItemProxy */;
		};
		520B3CAC1D6399DD00A6FD9D /* PBXTargetDependency */ = {
			isa = PBXTargetDependency;
			target = 520B3C8A1D6399DC00A6FD9D /* My First Project */;
			targetProxy = 520B3CAB1D6399DD00A6FD9D /* PBXContainerItemProxy */;
		};
/* End PBXTargetDependency section */

/* Begin PBXVariantGroup section */
		520B3C921D6399DD00A6FD9D /* Main.storyboard */ = {
			isa = PBXVariantGroup;
			children = (
				520B3C931D6399DD00A6FD9D /* Base */,
			);
			name = Main.storyboard;
			sourceTree = "<group>";
		};
		520B3C971D6399DD00A6FD9D /* LaunchScreen.storyboard */ = {
			isa = PBXVariantGroup;
			children = (
				520B3C981D6399DD00A6FD9D /* Base */,
			);
			name = LaunchScreen.storyboard;
			sourceTree = "<group>";
		};
/* End PBXVariantGroup section */

/* Begin XCBuildConfiguration section */
		520B3CB11D6399DD00A6FD9D /* Debug */ = {
			isa = XCBuildConfiguration;
			buildSettings = {
				ALWAYS_SEARCH_USER_PATHS = NO;
				CLANG_ANALYZER_NONNULL = YES;
				CLANG_CXX_LANGUAGE_STANDARD = "gnu++0x";
				CLANG_CXX_LIBRARY = "libc++";
				CLANG_ENABLE_MODULES = YES;
				CLANG_ENABLE_OBJC_ARC = YES;
				CLANG_WARN_BOOL_CONVERSION = YES;
				CLANG_WARN_CONSTANT_CONVERSION = YES;
				CLANG_WARN_DIRECT_OBJC_ISA_USAGE = YES_ERROR;
				CLANG_WARN_DOCUMENTATION_COMMENTS = YES;
				CLANG_WARN_EMPTY_BODY = YES;
				CLANG_WARN_ENUM_CONVERSION = YES;
				CLANG_WARN_INFINITE_RECURSION = YES;
				CLANG_WARN_INT_CONVERSION = YES;
				CLANG_WARN_OBJC_ROOT_CLASS = YES_ERROR;
				CLANG_WARN_SUSPICIOUS_MOVES = YES;
				CLANG_WARN_UNREACHABLE_CODE = YES;
				CLANG_WARN__DUPLICATE_METHOD_MATCH = YES;
				"CODE_SIGN_IDENTITY[sdk=iphoneos*]" = "iPhone Developer";
				COPY_PHASE_STRIP = NO;
				DEBUG_INFORMATION_FORMAT = dwarf;
				ENABLE_STRICT_OBJC_MSGSEND = YES;
				ENABLE_TESTABILITY = YES;
				GCC_C_LANGUAGE_STANDARD = gnu99;
				GCC_DYNAMIC_NO_PIC = NO;
				GCC_NO_COMMON_BLOCKS = YES;
				GCC_OPTIMIZATION_LEVEL = 0;
				GCC_PREPROCESSOR_DEFINITIONS = (
					"DEBUG=1",
					"$(inherited)",
				);
				GCC_WARN_64_TO_32_BIT_CONVERSION = YES;
				GCC_WARN_ABOUT_RETURN_TYPE = YES_ERROR;
				GCC_WARN_UNDECLARED_SELECTOR = YES;
				GCC_WARN_UNINITIALIZED_AUTOS = YES_AGGRESSIVE;
				GCC_WARN_UNUSED_FUNCTION = YES;
				GCC_WARN_UNUSED_VARIABLE = YES;
				IPHONEOS_DEPLOYMENT_TARGET = 10.0;
				MTL_ENABLE_DEBUG_INFO = YES;
				ONLY_ACTIVE_ARCH = YES;
				SDKROOT = iphoneos;
				SWIFT_ACTIVE_COMPILATION_CONDITIONS = DEBUG;
				SWIFT_OPTIMIZATION_LEVEL = "-Onone";
			};
			name = Debug;
		};
		520B3CB21D6399DD00A6FD9D /* Release */ = {
			isa = XCBuildConfiguration;
			buildSettings = {
				ALWAYS_SEARCH_USER_PATHS = NO;
				CLANG_ANALYZER_NONNULL = YES;
				CLANG_CXX_LANGUAGE_STANDARD = "gnu++0x";
				CLANG_CXX_LIBRARY = "libc++";
				CLANG_ENABLE_MODULES = YES;
				CLANG_ENABLE_OBJC_ARC = YES;
				CLANG_WARN_BOOL_CONVERSION = YES;
				CLANG_WARN_CONSTANT_CONVERSION = YES;
				CLANG_WARN_DIRECT_OBJC_ISA_USAGE = YES_ERROR;
				CLANG_WARN_DOCUMENTATION_COMMENTS = YES;
				CLANG_WARN_EMPTY_BODY = YES;
				CLANG_WARN_ENUM_CONVERSION = YES;
				CLANG_WARN_INFINITE_RECURSION = YES;
				CLANG_WARN_INT_CONVERSION = YES;
				CLANG_WARN_OBJC_ROOT_CLASS = YES_ERROR;
				CLANG_WARN_SUSPICIOUS_MOVES = YES;
				CLANG_WARN_UNREACHABLE_CODE = YES;
				CLANG_WARN__DUPLICATE_METHOD_MATCH = YES;
				"CODE_SIGN_IDENTITY[sdk=iphoneos*]" = "iPhone Developer";
				COPY_PHASE_STRIP = NO;
				DEBUG_INFORMATION_FORMAT = "dwarf-with-dsym";
				ENABLE_NS_ASSERTIONS = NO;
				ENABLE_STRICT_OBJC_MSGSEND = YES;
				GCC_C_LANGUAGE_STANDARD = gnu99;
				GCC_NO_COMMON_BLOCKS = YES;
				GCC_WARN_64_TO_32_BIT_CONVERSION = YES;
				GCC_WARN_ABOUT_RETURN_TYPE = YES_ERROR;
				GCC_WARN_UNDECLARED_SELECTOR = YES;
				GCC_WARN_UNINITIALIZED_AUTOS = YES_AGGRESSIVE;
				GCC_WARN_UNUSED_FUNCTION = YES;
				GCC_WARN_UNUSED_VARIABLE = YES;
				IPHONEOS_DEPLOYMENT_TARGET = 10.0;
				MTL_ENABLE_DEBUG_INFO = NO;
				SDKROOT = iphoneos;
				SWIFT_OPTIMIZATION_LEVEL = "-Owholemodule";
				VALIDATE_PRODUCT = YES;
			};
			name = Release;
		};
		520B3CB41D6399DD00A6FD9D /* Debug */ = {
			isa = XCBuildConfiguration;
			buildSettings = {
				ASSETCATALOG_COMPILER_APPICON_NAME = AppIcon;
				INFOPLIST_FILE = "My First Project/Info.plist";
				LD_RUNPATH_SEARCH_PATHS = "$(inherited) @executable_path/Frameworks";
				PRODUCT_BUNDLE_IDENTIFIER = "com.toddperkins.My-First-Project";
				PRODUCT_NAME = "$(TARGET_NAME)";
				SWIFT_VERSION = 3.0;
			};
			name = Debug;
		};
		520B3CB51D6399DD00A6FD9D /* Release */ = {
			isa = XCBuildConfiguration;
			buildSettings = {
				ASSETCATALOG_COMPILER_APPICON_NAME = AppIcon;
				INFOPLIST_FILE = "My First Project/Info.plist";
				LD_RUNPATH_SEARCH_PATHS = "$(inherited) @executable_path/Frameworks";
				PRODUCT_BUNDLE_IDENTIFIER = "com.toddperkins.My-First-Project";
				PRODUCT_NAME = "$(TARGET_NAME)";
				SWIFT_VERSION = 3.0;
			};
			name = Release;
		};
		520B3CB71D6399DD00A6FD9D /* Debug */ = {
			isa = XCBuildConfiguration;
			buildSettings = {
				ALWAYS_EMBED_SWIFT_STANDARD_LIBRARIES = YES;
				BUNDLE_LOADER = "$(TEST_HOST)";
				INFOPLIST_FILE = "My First ProjectTests/Info.plist";
				LD_RUNPATH_SEARCH_PATHS = "$(inherited) @executable_path/Frameworks @loader_path/Frameworks";
				PRODUCT_BUNDLE_IDENTIFIER = "com.toddperkins.My-First-ProjectTests";
				PRODUCT_NAME = "$(TARGET_NAME)";
				SWIFT_VERSION = 3.0;
				TEST_HOST = "$(BUILT_PRODUCTS_DIR)/My First Project.app/My First Project";
			};
			name = Debug;
		};
		520B3CB81D6399DD00A6FD9D /* Release */ = {
			isa = XCBuildConfiguration;
			buildSettings = {
				ALWAYS_EMBED_SWIFT_STANDARD_LIBRARIES = YES;
				BUNDLE_LOADER = "$(TEST_HOST)";
				INFOPLIST_FILE = "My First ProjectTests/Info.plist";
				LD_RUNPATH_SEARCH_PATHS = "$(inherited) @executable_path/Frameworks @loader_path/Frameworks";
				PRODUCT_BUNDLE_IDENTIFIER = "com.toddperkins.My-First-ProjectTests";
				PRODUCT_NAME = "$(TARGET_NAME)";
				SWIFT_VERSION = 3.0;
				TEST_HOST = "$(BUILT_PRODUCTS_DIR)/My First Project.app/My First Project";
			};
			name = Release;
		};
		520B3CBA1D6399DD00A6FD9D /* Debug */ = {
			isa = XCBuildConfiguration;
			buildSettings = {
				ALWAYS_EMBED_SWIFT_STANDARD_LIBRARIES = YES;
				INFOPLIST_FILE = "My First ProjectUITests/Info.plist";
				LD_RUNPATH_SEARCH_PATHS = "$(inherited) @executable_path/Frameworks @loader_path/Frameworks";
				PRODUCT_BUNDLE_IDENTIFIER = "com.toddperkins.My-First-ProjectUITests";
				PRODUCT_NAME = "$(TARGET_NAME)";
				SWIFT_VERSION = 3.0;
				TEST_TARGET_NAME = "My First Project";
			};
			name = Debug;
		};
		520B3CBB1D6399DD00A6FD9D /* Release */ = {
			isa = XCBuildConfiguration;
			buildSettings = {
				ALWAYS_EMBED_SWIFT_STANDARD_LIBRARIES = YES;
				INFOPLIST_FILE = "My First ProjectUITests/Info.plist";
				LD_RUNPATH_SEARCH_PATHS = "$(inherited) @executable_path/Frameworks @loader_path/Frameworks";
				PRODUCT_BUNDLE_IDENTIFIER = "com.toddperkins.My-First-ProjectUITests";
				PRODUCT_NAME = "$(TARGET_NAME)";
				SWIFT_VERSION = 3.0;
				TEST_TARGET_NAME = "My First Project";
			};
			name = Release;
		};
/* End XCBuildConfiguration section */

/* Begin XCConfigurationList section */
		520B3C861D6399DC00A6FD9D /* Build configuration list for PBXProject "My First Project" */ = {
			isa = XCConfigurationList;
			buildConfigurations = (
				520B3CB11D6399DD00A6FD9D /* Debug */,
				520B3CB21D6399DD00A6FD9D /* Release */,
			);
			defaultConfigurationIsVisible = 0;
			defaultConfigurationName = Release;
		};
		520B3CB31D6399DD00A6FD9D /* Build configuration list for PBXNativeTarget "My First Project" */ = {
			isa = XCConfigurationList;
			buildConfigurations = (
				520B3CB41D6399DD00A6FD9D /* Debug */,
				520B3CB51D6399DD00A6FD9D /* Release */,
			);
			defaultConfigurationIsVisible = 0;
		};
		520B3CB61D6399DD00A6FD9D /* Build configuration list for PBXNativeTarget "My First ProjectTests" */ = {
			isa = XCConfigurationList;
			buildConfigurations = (
				520B3CB71D6399DD00A6FD9D /* Debug */,
				520B3CB81D6399DD00A6FD9D /* Release */,
			);
			defaultConfigurationIsVisible = 0;
		};
		520B3CB91D6399DD00A6FD9D /* Build configuration list for PBXNativeTarget "My First ProjectUITests" */ = {
			isa = XCConfigurationList;
			buildConfigurations = (
				520B3CBA1D6399DD00A6FD9D /* Debug */,
				520B3CBB1D6399DD00A6FD9D /* Release */,
			);
			defaultConfigurationIsVisible = 0;
		};
/* End XCConfigurationList section */
	};
	rootObject = 520B3C831D6399DC00A6FD9D /* Project object */;
}
